
Microsoft Visual Studio Solution File, Format Version 12.00
# Visual Studio 15
VisualStudioVersion = 15.0.26124.0
MinimumVisualStudioVersion = 15.0.26124.0
Project("{FAE04EC0-301F-11D3-BF4B-00C04F79EFBC}") = "YCodeLab", "YCodeLab\YCodeLab.csproj", "{491F920B-C404-4B5C-A955-F2C8A4A9A308}"
EndProject
Project("{FAE04EC0-301F-11D3-BF4B-00C04F79EFBC}") = "YCodeLabDB", "YCodeLabDB\YCodeLabDB.csproj", "{5254839F-B20D-4EFE-BB83-5BE71F0FD939}"
EndProject
Project("{FAE04EC0-301F-11D3-BF4B-00C04F79EFBC}") = "YCodeLabDBFactory", "YCodeLabDBFactory\YCodeLabDBFactory.csproj", "{E4F049D0-2486-4E5A-9642-63CC7A4DF324}"
EndProject
Project("{FAE04EC0-301F-11D3-BF4B-00C04F79EFBC}") = "YCodeLabDBTest", "YCodeLabDBTest\YCodeLabDBTest.csproj", "{F6682E57-591B-4C18-A1FC-58845725B5EB}"
EndProject
Project("{2150E333-8FDC-42A3-9474-1A3956D46DE8}") = "Scripts", "Scripts", "{247EB8C5-6615-4E97-89A9-EF3F9BDD65A1}"
	ProjectSection(SolutionItems) = preProject
		scripts\update_dev_db.sh = scripts\update_dev_db.sh
		scripts\release_db.sh = scripts\release_db.sh
		scripts\config.sh = scripts\config.sh
	EndProjectSection
EndProject
Project("{FAE04EC0-301F-11D3-BF4B-00C04F79EFBC}") = "DevDBSetup", "DevDBSetup\DevDBSetup.csproj", "{C8DAE6C7-C15B-4009-86CF-C196D7021F90}"
EndProject
Project("{FAE04EC0-301F-11D3-BF4B-00C04F79EFBC}") = "YCodeLab.Test", "YCodeLabTest\YCodeLab.Test.csproj", "{9F269F5F-87FD-490F-9C38-F5563BCAE669}"
EndProject
Global
	GlobalSection(SolutionConfigurationPlatforms) = preSolution
		Debug|Any CPU = Debug|Any CPU
		Debug|x64 = Debug|x64
		Debug|x86 = Debug|x86
		Release|Any CPU = Release|Any CPU
		Release|x64 = Release|x64
		Release|x86 = Release|x86
	EndGlobalSection
	GlobalSection(SolutionProperties) = preSolution
		HideSolutionNode = FALSE
	EndGlobalSection
	GlobalSection(ProjectConfigurationPlatforms) = postSolution
		{491F920B-C404-4B5C-A955-F2C8A4A9A308}.Debug|Any CPU.ActiveCfg = Debug|Any CPU
		{491F920B-C404-4B5C-A955-F2C8A4A9A308}.Debug|Any CPU.Build.0 = Debug|Any CPU
		{491F920B-C404-4B5C-A955-F2C8A4A9A308}.Debug|x64.ActiveCfg = Debug|Any CPU
		{491F920B-C404-4B5C-A955-F2C8A4A9A308}.Debug|x64.Build.0 = Debug|Any CPU
		{491F920B-C404-4B5C-A955-F2C8A4A9A308}.Debug|x86.ActiveCfg = Debug|Any CPU
		{491F920B-C404-4B5C-A955-F2C8A4A9A308}.Debug|x86.Build.0 = Debug|Any CPU
		{491F920B-C404-4B5C-A955-F2C8A4A9A308}.Release|Any CPU.ActiveCfg = Release|Any CPU
		{491F920B-C404-4B5C-A955-F2C8A4A9A308}.Release|Any CPU.Build.0 = Release|Any CPU
		{491F920B-C404-4B5C-A955-F2C8A4A9A308}.Release|x64.ActiveCfg = Release|Any CPU
		{491F920B-C404-4B5C-A955-F2C8A4A9A308}.Release|x64.Build.0 = Release|Any CPU
		{491F920B-C404-4B5C-A955-F2C8A4A9A308}.Release|x86.ActiveCfg = Release|Any CPU
		{491F920B-C404-4B5C-A955-F2C8A4A9A308}.Release|x86.Build.0 = Release|Any CPU
		{5254839F-B20D-4EFE-BB83-5BE71F0FD939}.Debug|Any CPU.ActiveCfg = Debug|Any CPU
		{5254839F-B20D-4EFE-BB83-5BE71F0FD939}.Debug|Any CPU.Build.0 = Debug|Any CPU
		{5254839F-B20D-4EFE-BB83-5BE71F0FD939}.Debug|x64.ActiveCfg = Debug|Any CPU
		{5254839F-B20D-4EFE-BB83-5BE71F0FD939}.Debug|x64.Build.0 = Debug|Any CPU
		{5254839F-B20D-4EFE-BB83-5BE71F0FD939}.Debug|x86.ActiveCfg = Debug|Any CPU
		{5254839F-B20D-4EFE-BB83-5BE71F0FD939}.Debug|x86.Build.0 = Debug|Any CPU
		{5254839F-B20D-4EFE-BB83-5BE71F0FD939}.Release|Any CPU.ActiveCfg = Release|Any CPU
		{5254839F-B20D-4EFE-BB83-5BE71F0FD939}.Release|Any CPU.Build.0 = Release|Any CPU
		{5254839F-B20D-4EFE-BB83-5BE71F0FD939}.Release|x64.ActiveCfg = Release|Any CPU
		{5254839F-B20D-4EFE-BB83-5BE71F0FD939}.Release|x64.Build.0 = Release|Any CPU
		{5254839F-B20D-4EFE-BB83-5BE71F0FD939}.Release|x86.ActiveCfg = Release|Any CPU
		{5254839F-B20D-4EFE-BB83-5BE71F0FD939}.Release|x86.Build.0 = Release|Any CPU
		{E4F049D0-2486-4E5A-9642-63CC7A4DF324}.Debug|Any CPU.ActiveCfg = Debug|Any CPU
		{E4F049D0-2486-4E5A-9642-63CC7A4DF324}.Debug|Any CPU.Build.0 = Debug|Any CPU
		{E4F049D0-2486-4E5A-9642-63CC7A4DF324}.Debug|x64.ActiveCfg = Debug|Any CPU
		{E4F049D0-2486-4E5A-9642-63CC7A4DF324}.Debug|x64.Build.0 = Debug|Any CPU
		{E4F049D0-2486-4E5A-9642-63CC7A4DF324}.Debug|x86.ActiveCfg = Debug|Any CPU
		{E4F049D0-2486-4E5A-9642-63CC7A4DF324}.Debug|x86.Build.0 = Debug|Any CPU
		{E4F049D0-2486-4E5A-9642-63CC7A4DF324}.Release|Any CPU.ActiveCfg = Release|Any CPU
		{E4F049D0-2486-4E5A-9642-63CC7A4DF324}.Release|Any CPU.Build.0 = Release|Any CPU
		{E4F049D0-2486-4E5A-9642-63CC7A4DF324}.Release|x64.ActiveCfg = Release|Any CPU
		{E4F049D0-2486-4E5A-9642-63CC7A4DF324}.Release|x64.Build.0 = Release|Any CPU
		{E4F049D0-2486-4E5A-9642-63CC7A4DF324}.Release|x86.ActiveCfg = Release|Any CPU
		{E4F049D0-2486-4E5A-9642-63CC7A4DF324}.Release|x86.Build.0 = Release|Any CPU
		{F6682E57-591B-4C18-A1FC-58845725B5EB}.Debug|Any CPU.ActiveCfg = Debug|Any CPU
		{F6682E57-591B-4C18-A1FC-58845725B5EB}.Debug|Any CPU.Build.0 = Debug|Any CPU
		{F6682E57-591B-4C18-A1FC-58845725B5EB}.Debug|x64.ActiveCfg = Debug|Any CPU
		{F6682E57-591B-4C18-A1FC-58845725B5EB}.Debug|x64.Build.0 = Debug|Any CPU
		{F6682E57-591B-4C18-A1FC-58845725B5EB}.Debug|x86.ActiveCfg = Debug|Any CPU
		{F6682E57-591B-4C18-A1FC-58845725B5EB}.Debug|x86.Build.0 = Debug|Any CPU
		{F6682E57-591B-4C18-A1FC-58845725B5EB}.Release|Any CPU.ActiveCfg = Release|Any CPU
		{F6682E57-591B-4C18-A1FC-58845725B5EB}.Release|Any CPU.Build.0 = Release|Any CPU
		{F6682E57-591B-4C18-A1FC-58845725B5EB}.Release|x64.ActiveCfg = Release|Any CPU
		{F6682E57-591B-4C18-A1FC-58845725B5EB}.Release|x64.Build.0 = Release|Any CPU
		{F6682E57-591B-4C18-A1FC-58845725B5EB}.Release|x86.ActiveCfg = Release|Any CPU
		{F6682E57-591B-4C18-A1FC-58845725B5EB}.Release|x86.Build.0 = Release|Any CPU
		{C8DAE6C7-C15B-4009-86CF-C196D7021F90}.Debug|Any CPU.ActiveCfg = Debug|Any CPU
		{C8DAE6C7-C15B-4009-86CF-C196D7021F90}.Debug|Any CPU.Build.0 = Debug|Any CPU
		{C8DAE6C7-C15B-4009-86CF-C196D7021F90}.Debug|x64.ActiveCfg = Debug|Any CPU
		{C8DAE6C7-C15B-4009-86CF-C196D7021F90}.Debug|x64.Build.0 = Debug|Any CPU
		{C8DAE6C7-C15B-4009-86CF-C196D7021F90}.Debug|x86.ActiveCfg = Debug|Any CPU
		{C8DAE6C7-C15B-4009-86CF-C196D7021F90}.Debug|x86.Build.0 = Debug|Any CPU
		{C8DAE6C7-C15B-4009-86CF-C196D7021F90}.Release|Any CPU.ActiveCfg = Release|Any CPU
		{C8DAE6C7-C15B-4009-86CF-C196D7021F90}.Release|Any CPU.Build.0 = Release|Any CPU
		{C8DAE6C7-C15B-4009-86CF-C196D7021F90}.Release|x64.ActiveCfg = Release|Any CPU
		{C8DAE6C7-C15B-4009-86CF-C196D7021F90}.Release|x64.Build.0 = Release|Any CPU
		{C8DAE6C7-C15B-4009-86CF-C196D7021F90}.Release|x86.ActiveCfg = Release|Any CPU
		{C8DAE6C7-C15B-4009-86CF-C196D7021F90}.Release|x86.Build.0 = Release|Any CPU
		{9F269F5F-87FD-490F-9C38-F5563BCAE669}.Debug|Any CPU.ActiveCfg = Debug|Any CPU
		{9F269F5F-87FD-490F-9C38-F5563BCAE669}.Debug|Any CPU.Build.0 = Debug|Any CPU
		{9F269F5F-87FD-490F-9C38-F5563BCAE669}.Debug|x64.ActiveCfg = Debug|Any CPU
		{9F269F5F-87FD-490F-9C38-F5563BCAE669}.Debug|x64.Build.0 = Debug|Any CPU
		{9F269F5F-87FD-490F-9C38-F5563BCAE669}.Debug|x86.ActiveCfg = Debug|Any CPU
		{9F269F5F-87FD-490F-9C38-F5563BCAE669}.Debug|x86.Build.0 = Debug|Any CPU
		{9F269F5F-87FD-490F-9C38-F5563BCAE669}.Release|Any CPU.ActiveCfg = Release|Any CPU
		{9F269F5F-87FD-490F-9C38-F5563BCAE669}.Release|Any CPU.Build.0 = Release|Any CPU
		{9F269F5F-87FD-490F-9C38-F5563BCAE669}.Release|x64.ActiveCfg = Release|Any CPU
		{9F269F5F-87FD-490F-9C38-F5563BCAE669}.Release|x64.Build.0 = Release|Any CPU
		{9F269F5F-87FD-490F-9C38-F5563BCAE669}.Release|x86.ActiveCfg = Release|Any CPU
		{9F269F5F-87FD-490F-9C38-F5563BCAE669}.Release|x86.Build.0 = Release|Any CPU
	EndGlobalSection
EndGlobal
